
Microsoft Visual Studio Solution File, Format Version 12.00
# Visual Studio Version 17
VisualStudioVersion = 17.6.33723.286
MinimumVisualStudioVersion = 10.0.40219.1
Project("{9A19103F-16F7-4668-BE54-9A1E7A4F7556}") = "GUI", "GUI\GUI.csproj", "{7E881BAE-CA2D-4947-81C9-1D312504140C}"
EndProject
Project("{FAE04EC0-301F-11D3-BF4B-00C04F79EFBC}") = "DTO", "DTO\DTO.csproj", "{3AB31120-220F-4E04-92F5-8157FA3D1480}"
EndProject
Project("{FAE04EC0-301F-11D3-BF4B-00C04F79EFBC}") = "DAO", "DAO\DAO.csproj", "{A8E80530-3DA5-4DA8-915E-0971DCE3BAE9}"
EndProject
Project("{FAE04EC0-301F-11D3-BF4B-00C04F79EFBC}") = "BUS", "BUS\BUS.csproj", "{D17CE790-C0FC-4EC0-ACBC-3AEE1B507D84}"
EndProject
Global
	GlobalSection(SolutionConfigurationPlatforms) = preSolution
		Debug|Any CPU = Debug|Any CPU
		Release|Any CPU = Release|Any CPU
	EndGlobalSection
	GlobalSection(ProjectConfigurationPlatforms) = postSolution
		{7E881BAE-CA2D-4947-81C9-1D312504140C}.Debug|Any CPU.ActiveCfg = Debug|Any CPU
		{7E881BAE-CA2D-4947-81C9-1D312504140C}.Debug|Any CPU.Build.0 = Debug|Any CPU
		{7E881BAE-CA2D-4947-81C9-1D312504140C}.Release|Any CPU.ActiveCfg = Release|Any CPU
		{7E881BAE-CA2D-4947-81C9-1D312504140C}.Release|Any CPU.Build.0 = Release|Any CPU
		{3AB31120-220F-4E04-92F5-8157FA3D1480}.Debug|Any CPU.ActiveCfg = Debug|Any CPU
		{3AB31120-220F-4E04-92F5-8157FA3D1480}.Debug|Any CPU.Build.0 = Debug|Any CPU
		{3AB31120-220F-4E04-92F5-8157FA3D1480}.Release|Any CPU.ActiveCfg = Release|Any CPU
		{3AB31120-220F-4E04-92F5-8157FA3D1480}.Release|Any CPU.Build.0 = Release|Any CPU
		{A8E80530-3DA5-4DA8-915E-0971DCE3BAE9}.Debug|Any CPU.ActiveCfg = Debug|Any CPU
		{A8E80530-3DA5-4DA8-915E-0971DCE3BAE9}.Debug|Any CPU.Build.0 = Debug|Any CPU
		{A8E80530-3DA5-4DA8-915E-0971DCE3BAE9}.Release|Any CPU.ActiveCfg = Release|Any CPU
		{A8E80530-3DA5-4DA8-915E-0971DCE3BAE9}.Release|Any CPU.Build.0 = Release|Any CPU
		{D17CE790-C0FC-4EC0-ACBC-3AEE1B507D84}.Debug|Any CPU.ActiveCfg = Debug|Any CPU
		{D17CE790-C0FC-4EC0-ACBC-3AEE1B507D84}.Debug|Any CPU.Build.0 = Debug|Any CPU
		{D17CE790-C0FC-4EC0-ACBC-3AEE1B507D84}.Release|Any CPU.ActiveCfg = Release|Any CPU
		{D17CE790-C0FC-4EC0-ACBC-3AEE1B507D84}.Release|Any CPU.Build.0 = Release|Any CPU
	EndGlobalSection
	GlobalSection(SolutionProperties) = preSolution
		HideSolutionNode = FALSE
	EndGlobalSection
	GlobalSection(ExtensibilityGlobals) = postSolution
		SolutionGuid = {CC6A9450-0705-4A51-938A-8C4C4B901748}
	EndGlobalSection
EndGlobal
